<?xml version="1.0" encoding="utf-8"?>
<Project ToolsVersion="4.0" xmlns="http://schemas.microsoft.com/developer/msbuild/2003">
  <ItemGroup>
    <Filter Include="Archivos de origen">
      <UniqueIdentifier>{4FC737F1-C7A5-4376-A066-2A32D752A2FF}</UniqueIdentifier>
      <Extensions>cpp;c;cc;cxx;c++;cppm;ixx;def;odl;idl;hpj;bat;asm;asmx</Extensions>
    </Filter>
    <Filter Include="Archivos de encabezado">
      <UniqueIdentifier>{93995380-89BD-4b04-88EB-625FBE52EBFB}</UniqueIdentifier>
      <Extensions>h;hh;hpp;hxx;h++;hm;inl;inc;ipp;xsd</Extensions>
    </Filter>
    <Filter Include="Archivos de recursos">
      <UniqueIdentifier>{67DA6AB6-F800-4c08-8B7A-83BB121AAD01}</UniqueIdentifier>
      <Extensions>rc;ico;cur;bmp;dlg;rc2;rct;bin;rgs;gif;jpg;jpeg;jpe;resx;tiff;tif;png;wav;mfcribbon-ms</Extensions>
    </Filter>
    <Filter Include="Archivos de origen\Commands">
      <UniqueIdentifier>{e85ee7d4-613f-4a25-b703-ccacdb284ab7}</UniqueIdentifier>
    </Filter>
    <Filter Include="Archivos de origen\Creatures">
      <UniqueIdentifier>{b5a3a341-0cff-4023-b834-0dd64f0dc0fa}</UniqueIdentifier>
    </Filter>
    <Filter Include="Archivos de origen\Objects">
      <UniqueIdentifier>{2884dad6-1b3d-408f-99a9-c918b7abfcc2}</UniqueIdentifier>
    </Filter>
    <Filter Include="Archivos de origen\World">
      <UniqueIdentifier>{929cf685-2bc1-4ca4-9818-695c55edaeec}</UniqueIdentifier>
    </Filter>
    <Filter Include="Archivos de origen\Enums">
      <UniqueIdentifier>{88ec5d3d-672c-492a-8136-a7717be7809a}</UniqueIdentifier>
    </Filter>
    <Filter Include="Archivos de origen\Others">
      <UniqueIdentifier>{dd9c5a64-c41d-447f-92b8-ebae6144722d}</UniqueIdentifier>
    </Filter>
  </ItemGroup>
  <ItemGroup>
    <ClCompile Include="main.cpp">
      <Filter>Archivos de origen</Filter>
    </ClCompile>
    <ClCompile Include="Entity.cpp">
      <Filter>Archivos de origen</Filter>
    </ClCompile>
    <ClCompile Include="Game.cpp">
      <Filter>Archivos de origen</Filter>
    </ClCompile>
    <ClCompile Include="Creatures\Npc.cpp">
      <Filter>Archivos de origen\Creatures</Filter>
    </ClCompile>
    <ClCompile Include="Commands\CommandFactory.cpp">
      <Filter>Archivos de origen\Commands</Filter>
    </ClCompile>
    <ClCompile Include="Commands\CommandGenerator.cpp">
      <Filter>Archivos de origen\Commands</Filter>
    </ClCompile>
    <ClCompile Include="Creatures\Player.cpp">
      <Filter>Archivos de origen\Creatures</Filter>
    </ClCompile>
    <ClCompile Include="Creatures\Creature.cpp">
      <Filter>Archivos de origen\Creatures</Filter>
    </ClCompile>
    <ClCompile Include="Objects\Container.cpp">
      <Filter>Archivos de origen\Objects</Filter>
    </ClCompile>
    <ClCompile Include="Objects\Item.cpp">
      <Filter>Archivos de origen\Objects</Filter>
    </ClCompile>
    <ClCompile Include="Objects\ItemContainer.cpp">
      <Filter>Archivos de origen\Objects</Filter>
    </ClCompile>
    <ClCompile Include="Objects\Object.cpp">
      <Filter>Archivos de origen\Objects</Filter>
    </ClCompile>
    <ClCompile Include="Objects\Armor.cpp">
      <Filter>Archivos de origen\Objects</Filter>
    </ClCompile>
    <ClCompile Include="Objects\Weapon.cpp">
      <Filter>Archivos de origen\Objects</Filter>
    </ClCompile>
    <ClCompile Include="Objects\Equipment.cpp">
      <Filter>Archivos de origen\Objects</Filter>
    </ClCompile>
    <ClCompile Include="Enums\Direction.cpp">
      <Filter>Archivos de origen\Enums</Filter>
    </ClCompile>
    <ClCompile Include="Others\Openable.cpp">
      <Filter>Archivos de origen\Others</Filter>
    </ClCompile>
    <ClCompile Include="Others\Stat.cpp">
      <Filter>Archivos de origen\Others</Filter>
    </ClCompile>
    <ClCompile Include="World\Exit.cpp">
      <Filter>Archivos de origen\World</Filter>
    </ClCompile>
    <ClCompile Include="World\RestrictedExit.cpp">
      <Filter>Archivos de origen\World</Filter>
    </ClCompile>
    <ClCompile Include="World\Room.cpp">
      <Filter>Archivos de origen\World</Filter>
    </ClCompile>
    <ClCompile Include="World\World.cpp">
      <Filter>Archivos de origen\World</Filter>
    </ClCompile>
  </ItemGroup>
  <ItemGroup>
    <ClInclude Include="Commands\Command.h">
      <Filter>Archivos de origen\Commands</Filter>
    </ClInclude>
    <ClInclude Include="Game.h">
      <Filter>Archivos de origen</Filter>
    </ClInclude>
    <ClInclude Include="Entity.h">
      <Filter>Archivos de origen</Filter>
    </ClInclude>
    <ClInclude Include="Creatures\Npc.h">
      <Filter>Archivos de origen\Creatures</Filter>
    </ClInclude>
    <ClInclude Include="Commands\CommandFactory.h">
      <Filter>Archivos de origen\Commands</Filter>
    </ClInclude>
    <ClInclude Include="Commands\CommandGenerator.h">
      <Filter>Archivos de origen\Commands</Filter>
    </ClInclude>
    <ClInclude Include="Creatures\Player.h">
      <Filter>Archivos de origen\Creatures</Filter>
    </ClInclude>
    <ClInclude Include="Creatures\Creature.h">
      <Filter>Archivos de origen\Creatures</Filter>
    </ClInclude>
    <ClInclude Include="Inventory.h">
      <Filter>Archivos de origen</Filter>
    </ClInclude>
    <ClInclude Include="Objects\Container.h">
      <Filter>Archivos de origen\Objects</Filter>
    </ClInclude>
    <ClInclude Include="Objects\Equipment.h">
      <Filter>Archivos de origen\Objects</Filter>
    </ClInclude>
    <ClInclude Include="Objects\Item.h">
      <Filter>Archivos de origen\Objects</Filter>
    </ClInclude>
    <ClInclude Include="Objects\ItemContainer.h">
      <Filter>Archivos de origen\Objects</Filter>
    </ClInclude>
    <ClInclude Include="Objects\Object.h">
      <Filter>Archivos de origen\Objects</Filter>
    </ClInclude>
    <ClInclude Include="Objects\Armor.h">
      <Filter>Archivos de origen\Objects</Filter>
    </ClInclude>
    <ClInclude Include="Objects\Weapon.h">
      <Filter>Archivos de origen\Objects</Filter>
    </ClInclude>
    <ClInclude Include="Enums\ArmorPart.h">
      <Filter>Archivos de origen\Enums</Filter>
    </ClInclude>
    <ClInclude Include="Enums\Direction.h">
      <Filter>Archivos de origen\Enums</Filter>
    </ClInclude>
    <ClInclude Include="Others\Openable.h">
      <Filter>Archivos de origen\Others</Filter>
    </ClInclude>
    <ClInclude Include="Others\Stat.h">
      <Filter>Archivos de origen\Others</Filter>
    </ClInclude>
    <ClInclude Include="World\Exit.h">
      <Filter>Archivos de origen\World</Filter>
    </ClInclude>
    <ClInclude Include="World\RestrictedExit.h">
      <Filter>Archivos de origen\World</Filter>
    </ClInclude>
    <ClInclude Include="World\Room.h">
      <Filter>Archivos de origen\World</Filter>
    </ClInclude>
    <ClInclude Include="World\World.h">
      <Filter>Archivos de origen\World</Filter>
    </ClInclude>
  </ItemGroup>
</Project>